<?xml version="1.0" encoding="utf-8"?>
<Project ToolsVersion="4.0" xmlns="http://schemas.microsoft.com/developer/msbuild/2003">
  <ItemGroup>
    <Filter Include="Resources">
      <UniqueIdentifier>{67DA6AB6-F800-4c08-8B7A-83BB121AAD01}</UniqueIdentifier>
      <Extensions>rc;ico;cur;bmp;dlg;rc2;rct;bin;rgs;gif;jpg;jpeg;jpe;resx;tiff;tif;png;wav;mfcribbon-ms</Extensions>
    </Filter>
    <Filter Include="Source">
      <UniqueIdentifier>{24bf50d7-630f-4b95-89ab-66d0755d9cd8}</UniqueIdentifier>
    </Filter>
    <Filter Include="Source\pch">
      <UniqueIdentifier>{756c78ff-95e3-47b8-8e7e-585c38ae7465}</UniqueIdentifier>
    </Filter>
    <Filter Include="Source\Core">
      <UniqueIdentifier>{04d04fd4-29eb-49fb-a609-daf51f966798}</UniqueIdentifier>
    </Filter>
    <Filter Include="Source\Core\Public">
      <UniqueIdentifier>{20ff7aeb-4779-4231-ad15-60f47727ebd3}</UniqueIdentifier>
    </Filter>
    <Filter Include="Source\Core\Private">
      <UniqueIdentifier>{475a3ce1-a4dd-4e45-b860-d45c9d6a2c44}</UniqueIdentifier>
    </Filter>
    <Filter Include="Source\Core\Classes">
      <UniqueIdentifier>{219f9017-ddba-4bdb-8f12-6aa3abd15f74}</UniqueIdentifier>
    </Filter>
    <Filter Include="Source\Engine">
      <UniqueIdentifier>{be92e778-6cab-423c-bd9a-8e870b8bcc24}</UniqueIdentifier>
    </Filter>
    <Filter Include="Source\Engine\Public">
      <UniqueIdentifier>{6af25bad-3c1a-4412-8d37-b3add7e3ddc0}</UniqueIdentifier>
    </Filter>
    <Filter Include="Source\Engine\Private">
      <UniqueIdentifier>{b3af40f9-be13-4d95-ac8c-274af0ae2049}</UniqueIdentifier>
    </Filter>
    <Filter Include="Source\Engine\Classes">
      <UniqueIdentifier>{deb3d671-3913-4ad7-95c5-f145e7af3e28}</UniqueIdentifier>
    </Filter>
    <Filter Include="Source\Platform">
      <UniqueIdentifier>{e5ced1b0-b8fa-4b44-bc73-d1a706a69b15}</UniqueIdentifier>
    </Filter>
    <Filter Include="Source\Common">
      <UniqueIdentifier>{aea039f1-5682-4fbe-96eb-5e2dd7791114}</UniqueIdentifier>
    </Filter>
    <Filter Include="Source\Common\Classes">
      <UniqueIdentifier>{28635976-2678-4463-ab0f-818cf9239258}</UniqueIdentifier>
    </Filter>
    <Filter Include="Source\Common\Public">
      <UniqueIdentifier>{e1945b2b-983b-4966-8a7a-69bcbddc0ad1}</UniqueIdentifier>
    </Filter>
    <Filter Include="Source\Common\Private">
      <UniqueIdentifier>{8f428ac0-c9f2-4616-b144-a9941870bcea}</UniqueIdentifier>
    </Filter>
    <Filter Include="Source\Platform\Windows">
      <UniqueIdentifier>{b3109d97-6bfb-4469-9284-11715c6f1762}</UniqueIdentifier>
    </Filter>
    <Filter Include="Source\Platform\Windows\Win32">
      <UniqueIdentifier>{358f50d7-8a92-4e04-b441-ed21ef77a268}</UniqueIdentifier>
    </Filter>
    <Filter Include="Source\Platform\Windows\Win32\Private">
      <UniqueIdentifier>{b6dfa410-06b8-48b1-805b-a8897ffb4eef}</UniqueIdentifier>
    </Filter>
    <Filter Include="Source\Platform\Windows\Win32\Public">
      <UniqueIdentifier>{04ecf613-73ba-415e-9345-e50130c9d5a9}</UniqueIdentifier>
    </Filter>
    <Filter Include="Source\Platform\Windows\Win32\Classes">
      <UniqueIdentifier>{ff5aa1a2-c7dd-4cb6-b42f-5a18be1295ab}</UniqueIdentifier>
    </Filter>
  </ItemGroup>
  <ItemGroup>
    <ClCompile Include="Source\Zabka.cpp">
      <Filter>Source\pch</Filter>
    </ClCompile>
    <ClCompile Include="Source\Core\PerGameSettings.cpp">
      <Filter>Source\Core\Private</Filter>
    </ClCompile>
    <ClCompile Include="Source\Core\Core.cpp">
      <Filter>Source\Core\Private</Filter>
    </ClCompile>
    <ClCompile Include="Source\Core\CoreMinimal.cpp">
      <Filter>Source\Core\Private</Filter>
    </ClCompile>
    <ClCompile Include="Source\Core\CoreDefinitions.cpp">
      <Filter>Source\Core\Private</Filter>
    </ClCompile>
    <ClCompile Include="Source\Engine\ZEngine.cpp">
      <Filter>Source\Engine\Private</Filter>
    </ClCompile>
    <ClCompile Include="Source\Engine\Simulation.cpp">
      <Filter>Source\Engine\Private</Filter>
    </ClCompile>
    <ClCompile Include="Source\Common\Logger.cpp">
      <Filter>Source\Common\Private</Filter>
    </ClCompile>
    <ClCompile Include="Source\Common\Time.cpp">
      <Filter>Source\Common\Private</Filter>
    </ClCompile>
    <ClCompile Include="Source\Common\CmdLineArgs.cpp">
      <Filter>Source\Common\Private</Filter>
    </ClCompile>
    <ClCompile Include="Source\Engine\SplashScreen.cpp">
      <Filter>Source\Engine\Private</Filter>
    </ClCompile>
    <ClCompile Include="Source\Platform\Windows\WIN32\IApplication.cpp">
      <Filter>Source\Platform\Windows\Win32\Private</Filter>
    </ClCompile>
    <ClCompile Include="Source\Platform\Windows\Win32\SubObject.cpp">
      <Filter>Source\Platform\Windows\Win32\Private</Filter>
    </ClCompile>
    <ClCompile Include="Source\Platform\Windows\Win32\Window.cpp">
      <Filter>Source\Platform\Windows\Win32\Private</Filter>
    </ClCompile>
    <ClCompile Include="Source\Platform\Windows\Win32\Win32Utils.cpp">
      <Filter>Source\Platform\Windows\Win32\Private</Filter>
    </ClCompile>
  </ItemGroup>
  <ItemGroup>
    <ClInclude Include="Source\Zabka.h">
      <Filter>Source\pch</Filter>
    </ClInclude>
    <ClInclude Include="Source\Core\PerGameSettings.h">
      <Filter>Source\Core\Classes</Filter>
    </ClInclude>
    <ClInclude Include="Source\Core\Core.h">
      <Filter>Source\Core\Public</Filter>
    </ClInclude>
    <ClInclude Include="Source\Core\CoreMinimal.h">
      <Filter>Source\Core\Public</Filter>
    </ClInclude>
    <ClInclude Include="Source\Core\CoreDefinitions.h">
      <Filter>Source\Core\Public</Filter>
    </ClInclude>
    <ClInclude Include="Source\Engine\ZEngine.h">
      <Filter>Source\Engine\Classes</Filter>
    </ClInclude>
    <ClInclude Include="Source\Engine\Simulation.h">
      <Filter>Source\Engine\Classes</Filter>
    </ClInclude>
    <ClInclude Include="Source\Common\Logger.h">
      <Filter>Source\Common\Classes</Filter>
    </ClInclude>
    <ClInclude Include="Source\Common\Time.h">
      <Filter>Source\Common\Public</Filter>
    </ClInclude>
    <ClInclude Include="Source\Common\CmdLineArgs.h">
      <Filter>Source\Common\Public</Filter>
    </ClInclude>
    <ClInclude Include="Source\Engine\SplashScreen.h">
      <Filter>Source\Engine\Public</Filter>
    </ClInclude>
    <ClInclude Include="Source\Platform\Windows\WIN32\WinEntry.h">
      <Filter>Source\Platform\Windows\Win32\Public</Filter>
    </ClInclude>
    <ClInclude Include="Source\Platform\Windows\WIN32\IApplication.h">
      <Filter>Source\Platform\Windows\Win32\Classes</Filter>
    </ClInclude>
    <ClInclude Include="Source\Platform\Windows\Win32\SubObject.h">
      <Filter>Source\Platform\Windows\Win32\Classes</Filter>
    </ClInclude>
    <ClInclude Include="Source\Platform\Windows\Win32\Window.h">
      <Filter>Source\Platform\Windows\Win32\Classes</Filter>
    </ClInclude>
    <ClInclude Include="Source\Platform\Windows\Win32\Win32Utils.h">
      <Filter>Source\Platform\Windows\Win32\Public</Filter>
    </ClInclude>
  </ItemGroup>
</Project>